
Microsoft Visual Studio Solution File, Format Version 10.00
# Visual Studio 2008
Project("{F184B08F-C81C-45F6-A57F-5ABD9991F28F}") = "ApkPenjualan", "ApkPenjualan\ApkPenjualan.vbproj", "{BD91C651-9036-4C3F-A142-CEA49A0061F9}"
EndProject
Global
	GlobalSection(SolutionConfigurationPlatforms) = preSolution
		Debug|Any CPU = Debug|Any CPU
		Release|Any CPU = Release|Any CPU
	EndGlobalSection
	GlobalSection(ProjectConfigurationPlatforms) = postSolution
		{BD91C651-9036-4C3F-A142-CEA49A0061F9}.Debug|Any CPU.ActiveCfg = Debug|Any CPU
		{BD91C651-9036-4C3F-A142-CEA49A0061F9}.Debug|Any CPU.Build.0 = Debug|Any CPU
		{BD91C651-9036-4C3F-A142-CEA49A0061F9}.Release|Any CPU.ActiveCfg = Release|Any CPU
		{BD91C651-9036-4C3F-A142-CEA49A0061F9}.Release|Any CPU.Build.0 = Release|Any CPU
	EndGlobalSection
	GlobalSection(SolutionProperties) = preSolution
		HideSolutionNode = FALSE
	EndGlobalSection
EndGlobal
